
Microsoft Visual Studio Solution File, Format Version 12.00
# Visual Studio Version 17
VisualStudioVersion = 17.11.35327.3
MinimumVisualStudioVersion = 10.0.40219.1
Project("{FAE04EC0-301F-11D3-BF4B-00C04F79EFBC}") = "1ozisip_gadzhieva", "1ozisip_gadzhieva\1ozisip_gadzhieva.csproj", "{58AD4992-98FA-4C16-A669-AB9DBA33EDD7}"
EndProject
Global
	GlobalSection(SolutionConfigurationPlatforms) = preSolution
		Debug|Any CPU = Debug|Any CPU
		Release|Any CPU = Release|Any CPU
	EndGlobalSection
	GlobalSection(ProjectConfigurationPlatforms) = postSolution
		{58AD4992-98FA-4C16-A669-AB9DBA33EDD7}.Debug|Any CPU.ActiveCfg = Debug|Any CPU
		{58AD4992-98FA-4C16-A669-AB9DBA33EDD7}.Debug|Any CPU.Build.0 = Debug|Any CPU
		{58AD4992-98FA-4C16-A669-AB9DBA33EDD7}.Release|Any CPU.ActiveCfg = Release|Any CPU
		{58AD4992-98FA-4C16-A669-AB9DBA33EDD7}.Release|Any CPU.Build.0 = Release|Any CPU
	EndGlobalSection
	GlobalSection(SolutionProperties) = preSolution
		HideSolutionNode = FALSE
	EndGlobalSection
	GlobalSection(ExtensibilityGlobals) = postSolution
		SolutionGuid = {31DDFA25-7843-46C2-A850-123EF00BFE2D}
	EndGlobalSection
EndGlobal
